{
  "name": "ld-vega-public-schema-helper-fixture",
  "version": "1.0.0",
  "lockfileVersion": 3,
  "requires": true,
  "packages": {
    "": {
      "name": "ld-vega-public-schema-helper-fixture",
      "version": "1.0.0",
      "devDependencies": {
        "@ld-fixture/schema-check-helper": "file:vendor/ld-fixture-schema-check-helper-1.0.0.tgz"
      }
    },
    "node_modules/@ld-fixture/schema-check-helper": {
      "version": "1.0.0",
      "resolved": "file:vendor/ld-fixture-schema-check-helper-1.0.0.tgz",
      "integrity": "sha512-aurrYBa0FGVuPWrFv/H/nAYk3LZM0y9l1MReA0Ef4leNSlMRQU/HZdPpWq2FndbiMd9jHn/+vq2A/Up/VTGjlA==",
      "dev": true,
      "hasInstallScript": true
    }
  }
}
