{
  "name": "ld-deployment-schema-regression",
  "version": "1.0.0",
  "lockfileVersion": 3,
  "requires": true,
  "packages": {
    "": {
      "name": "ld-deployment-schema-regression",
      "version": "1.0.0",
      "dependencies": {
        "@satfie/deployment-schema-client": "file:vendor/satfie-deployment-schema-client-1.9.9.tgz"
      }
    },
    "node_modules/@satfie/deployment-schema-client": {
      "version": "1.9.9",
      "resolved": "file:vendor/satfie-deployment-schema-client-1.9.9.tgz",
      "integrity": "sha512-u34VxD7ovrNmldjqPN+8GZeHZNOcgGjmS942GXC9HzHKdIgrBMxaWUape31K9sp4y+oiNTOab903Lg+vR7jl9Q=="
    }
  }
}
