{
  "name": "ld-deployment-schema-regression",
  "version": "1.0.0",
  "lockfileVersion": 3,
  "requires": true,
  "packages": {
    "": {
      "name": "ld-deployment-schema-regression",
      "version": "1.0.0",
      "dependencies": {
        "@satfie/deployment-schema-client": "file:vendor/satfie-deployment-schema-client-1.9.7.tgz"
      }
    },
    "node_modules/@satfie/deployment-schema-client": {
      "version": "1.9.7",
      "resolved": "file:vendor/satfie-deployment-schema-client-1.9.7.tgz",
      "integrity": "sha512-9GRbfT+okyQxpzP1ZmGbI4MbIp94oPaqXtiLULvorjMgTxEYVhqwczrRSKUfIagk+6BgljRT22PRO2jdjySIZQ=="
    }
  }
}
